// !$*UTF8*$!
{
	archiveVersion = 1;
	classes = {
	};
	objectVersion = 46;
	objects = {

/* Begin PBXBuildFile section */
		67F0F5AB1DE29DE300E21653 /* main.m in Sources */ = {isa = PBXBuildFile; fileRef = 67F0F5AA1DE29DE300E21653 /* main.m */; };
		67F0F5AE1DE29DE300E21653 /* AppDelegate.m in Sources */ = {isa = PBXBuildFile; fileRef = 67F0F5AD1DE29DE300E21653 /* AppDelegate.m */; };
		67F0F5B11DE29DE300E21653 /* ViewController.m in Sources */ = {isa = PBXBuildFile; fileRef = 67F0F5B01DE29DE300E21653 /* ViewController.m */; };
		67F0F5B41DE29DE300E21653 /* Main.storyboard in Resources */ = {isa = PBXBuildFile; fileRef = 67F0F5B21DE29DE300E21653 /* Main.storyboard */; };
		67F0F5B61DE29DE300E21653 /* Assets.xcassets in Resources */ = {isa = PBXBuildFile; fileRef = 67F0F5B51DE29DE300E21653 /* Assets.xcassets */; };
		67F0F5B91DE29DE300E21653 /* LaunchScreen.storyboard in Resources */ = {isa = PBXBuildFile; fileRef = 67F0F5B71DE29DE300E21653 /* LaunchScreen.storyboard */; };
/* End PBXBuildFile section */

/* Begin PBXFileReference section */
		67F0F5A61DE29DE300E21653 /* WaterFlowDemo.app */ = {isa = PBXFileReference; explicitFileType = wrapper.application; includeInIndex = 0; path = WaterFlowDemo.app; sourceTree = BUILT_PRODUCTS_DIR; };
		67F0F5AA1DE29DE300E21653 /* main.m */ = {isa = PBXFileReference; lastKnownFileType = sourcecode.c.objc; path = main.m; sourceTree = "<group>"; };
		67F0F5AC1DE29DE300E21653 /* AppDelegate.h */ = {isa = PBXFileReference; lastKnownFileType = sourcecode.c.h; path = AppDelegate.h; sourceTree = "<group>"; };
		67F0F5AD1DE29DE300E21653 /* AppDelegate.m */ = {isa = PBXFileReference; lastKnownFileType = sourcecode.c.objc; path = AppDelegate.m; sourceTree = "<group>"; };
		67F0F5AF1DE29DE300E21653 /* ViewController.h */ = {isa = PBXFileReference; lastKnownFileType = sourcecode.c.h; path = ViewController.h; sourceTree = "<group>"; };
		67F0F5B01DE29DE300E21653 /* ViewController.m */ = {isa = PBXFileReference; lastKnownFileType = sourcecode.c.objc; path = ViewController.m; sourceTree = "<group>"; };
		67F0F5B31DE29DE300E21653 /* Base */ = {isa = PBXFileReference; lastKnownFileType = file.storyboard; name = Base; path = Base.lproj/Main.storyboard; sourceTree = "<group>"; };
		67F0F5B51DE29DE300E21653 /* Assets.xcassets */ = {isa = PBXFileReference; lastKnownFileType = folder.assetcatalog; path = Assets.xcassets; sourceTree = "<group>"; };
		67F0F5B81DE29DE300E21653 /* Base */ = {isa = PBXFileReference; lastKnownFileType = file.storyboard; name = Base; path = Base.lproj/LaunchScreen.storyboard; sourceTree = "<group>"; };
		67F0F5BA1DE29DE300E21653 /* Info.plist */ = {isa = PBXFileReference; lastKnownFileType = text.plist.xml; path = Info.plist; sourceTree = "<group>"; };
/* End PBXFileReference section */

/* Begin PBXFrameworksBuildPhase section */
		67F0F5A31DE29DE300E21653 /* Frameworks */ = {
			isa = PBXFrameworksBuildPhase;
			buildActionMask = 2147483647;
			files = (
			);
			runOnlyForDeploymentPostprocessing = 0;
		};
/* End PBXFrameworksBuildPhase section */

/* Begin PBXGroup section */
		67F0F59D1DE29DE300E21653 = {
			isa = PBXGroup;
			children = (
				67F0F5A81DE29DE300E21653 /* WaterFlowDemo */,
				67F0F5A71DE29DE300E21653 /* Products */,
			);
			sourceTree = "<group>";
		};
		67F0F5A71DE29DE300E21653 /* Products */ = {
			isa = PBXGroup;
			children = (
				67F0F5A61DE29DE300E21653 /* WaterFlowDemo.app */,
			);
			name = Products;
			sourceTree = "<group>";
		};
		67F0F5A81DE29DE300E21653 /* WaterFlowDemo */ = {
			isa = PBXGroup;
			children = (
				67F0F5AC1DE29DE300E21653 /* AppDelegate.h */,
				67F0F5AD1DE29DE300E21653 /* AppDelegate.m */,
				67F0F5AF1DE29DE300E21653 /* ViewController.h */,
				67F0F5B01DE29DE300E21653 /* ViewController.m */,
				67F0F5B21DE29DE300E21653 /* Main.storyboard */,
				67F0F5B51DE29DE300E21653 /* Assets.xcassets */,
				67F0F5B71DE29DE300E21653 /* LaunchScreen.storyboard */,
				67F0F5BA1DE29DE300E21653 /* Info.plist */,
				67F0F5A91DE29DE300E21653 /* Supporting Files */,
			);
			path = WaterFlowDemo;
			sourceTree = "<group>";
		};
		67F0F5A91DE29DE300E21653 /* Supporting Files */ = {
			isa = PBXGroup;
			children = (
				67F0F5AA1DE29DE300E21653 /* main.m */,
			);
			name = "Supporting Files";
			sourceTree = "<group>";
		};
/* End PBXGroup section */

/* Begin PBXNativeTarget section */
		67F0F5A51DE29DE300E21653 /* WaterFlowDemo */ = {
			isa = PBXNativeTarget;
			buildConfigurationList = 67F0F5BD1DE29DE300E21653 /* Build configuration list for PBXNativeTarget "WaterFlowDemo" */;
			buildPhases = (
				67F0F5A21DE29DE300E21653 /* Sources */,
				67F0F5A31DE29DE300E21653 /* Frameworks */,
				67F0F5A41DE29DE300E21653 /* Resources */,
			);
			buildRules = (
			);
			dependencies = (
			);
			name = WaterFlowDemo;
			productName = WaterFlowDemo;
			productReference = 67F0F5A61DE29DE300E21653 /* WaterFlowDemo.app */;
			productType = "com.apple.product-type.application";
		};
/* End PBXNativeTarget section */

/* Begin PBXProject section */
		67F0F59E1DE29DE300E21653 /* Project object */ = {
			isa = PBXProject;
			attributes = {
				LastUpgradeCheck = 0810;
				ORGANIZATIONNAME = NJQY;
				TargetAttributes = {
					67F0F5A51DE29DE300E21653 = {
						CreatedOnToolsVersion = 8.1;
						DevelopmentTeam = 8XX9P5VNWY;
						ProvisioningStyle = Automatic;
					};
				};
			};
			buildConfigurationList = 67F0F5A11DE29DE300E21653 /* Build configuration list for PBXProject "WaterFlowDemo" */;
			compatibilityVersion = "Xcode 3.2";
			developmentRegion = English;
			hasScannedForEncodings = 0;
			knownRegions = (
				en,
				Base,
			);
			mainGroup = 67F0F59D1DE29DE300E21653;
			productRefGroup = 67F0F5A71DE29DE300E21653 /* Products */;
			projectDirPath = "";
			projectRoot = "";
			targets = (
				67F0F5A51DE29DE300E21653 /* WaterFlowDemo */,
			);
		};
/* End PBXProject section */

/* Begin PBXResourcesBuildPhase section */
		67F0F5A41DE29DE300E21653 /* Resources */ = {
			isa = PBXResourcesBuildPhase;
			buildActionMask = 2147483647;
			files = (
				67F0F5B91DE29DE300E21653 /* LaunchScreen.storyboard in Resources */,
				67F0F5B61DE29DE300E21653 /* Assets.xcassets in Resources */,
				67F0F5B41DE29DE300E21653 /* Main.storyboard in Resources */,
			);
			runOnlyForDeploymentPostprocessing = 0;
		};
/* End PBXResourcesBuildPhase section */

/* Begin PBXSourcesBuildPhase section */
		67F0F5A21DE29DE300E21653 /* Sources */ = {
			isa = PBXSourcesBuildPhase;
			buildActionMask = 2147483647;
			files = (
				67F0F5B11DE29DE300E21653 /* ViewController.m in Sources */,
				67F0F5AE1DE29DE300E21653 /* AppDelegate.m in Sources */,
				67F0F5AB1DE29DE300E21653 /* main.m in Sources */,
			);
			runOnlyForDeploymentPostprocessing = 0;
		};
/* End PBXSourcesBuildPhase section */

/* Begin PBXVariantGroup section */
		67F0F5B21DE29DE300E21653 /* Main.storyboard */ = {
			isa = PBXVariantGroup;
			children = (
				67F0F5B31DE29DE300E21653 /* Base */,
			);
			name = Main.storyboard;
			sourceTree = "<group>";
		};
		67F0F5B71DE29DE300E21653 /* LaunchScreen.storyboard */ = {
			isa = PBXVariantGroup;
			children = (
				67F0F5B81DE29DE300E21653 /* Base */,
			);
			name = LaunchScreen.storyboard;
			sourceTree = "<group>";
		};
/* End PBXVariantGroup section */

/* Begin XCBuildConfiguration section */
		67F0F5BB1DE29DE300E21653 /* Debug */ = {
			isa = XCBuildConfiguration;
			buildSettings = {
				ALWAYS_SEARCH_USER_PATHS = NO;
				CLANG_ANALYZER_NONNULL = YES;
				CLANG_CXX_LANGUAGE_STANDARD = "gnu++0x";
				CLANG_CXX_LIBRARY = "libc++";
				CLANG_ENABLE_MODULES = YES;
				CLANG_ENABLE_OBJC_ARC = YES;
				CLANG_WARN_BOOL_CONVERSION = YES;
				CLANG_WARN_CONSTANT_CONVERSION = YES;
				CLANG_WARN_DIRECT_OBJC_ISA_USAGE = YES_ERROR;
				CLANG_WARN_DOCUMENTATION_COMMENTS = YES;
				CLANG_WARN_EMPTY_BODY = YES;
				CLANG_WARN_ENUM_CONVERSION = YES;
				CLANG_WARN_INFINITE_RECURSION = YES;
				CLANG_WARN_INT_CONVERSION = YES;
				CLANG_WARN_OBJC_ROOT_CLASS = YES_ERROR;
				CLANG_WARN_SUSPICIOUS_MOVES = YES;
				CLANG_WARN_UNREACHABLE_CODE = YES;
				CLANG_WARN__DUPLICATE_METHOD_MATCH = YES;
				"CODE_SIGN_IDENTITY[sdk=iphoneos*]" = "iPhone Developer";
				COPY_PHASE_STRIP = NO;
				DEBUG_INFORMATION_FORMAT = dwarf;
				ENABLE_STRICT_OBJC_MSGSEND = YES;
				ENABLE_TESTABILITY = YES;
				GCC_C_LANGUAGE_STANDARD = gnu99;
				GCC_DYNAMIC_NO_PIC = NO;
				GCC_NO_COMMON_BLOCKS = YES;
				GCC_OPTIMIZATION_LEVEL = 0;
				GCC_PREPROCESSOR_DEFINITIONS = (
					"DEBUG=1",
					"$(inherited)",
				);
				GCC_WARN_64_TO_32_BIT_CONVERSION = YES;
				GCC_WARN_ABOUT_RETURN_TYPE = YES_ERROR;
				GCC_WARN_UNDECLARED_SELECTOR = YES;
				GCC_WARN_UNINITIALIZED_AUTOS = YES_AGGRESSIVE;
				GCC_WARN_UNUSED_FUNCTION = YES;
				GCC_WARN_UNUSED_VARIABLE = YES;
				IPHONEOS_DEPLOYMENT_TARGET = 10.1;
				MTL_ENABLE_DEBUG_INFO = YES;
				ONLY_ACTIVE_ARCH = YES;
				SDKROOT = iphoneos;
			};
			name = Debug;
		};
		67F0F5BC1DE29DE300E21653 /* Release */ = {
			isa = XCBuildConfiguration;
			buildSettings = {
				ALWAYS_SEARCH_USER_PATHS = NO;
				CLANG_ANALYZER_NONNULL = YES;
				CLANG_CXX_LANGUAGE_STANDARD = "gnu++0x";
				CLANG_CXX_LIBRARY = "libc++";
				CLANG_ENABLE_MODULES = YES;
				CLANG_ENABLE_OBJC_ARC = YES;
				CLANG_WARN_BOOL_CONVERSION = YES;
				CLANG_WARN_CONSTANT_CONVERSION = YES;
				CLANG_WARN_DIRECT_OBJC_ISA_USAGE = YES_ERROR;
				CLANG_WARN_DOCUMENTATION_COMMENTS = YES;
				CLANG_WARN_EMPTY_BODY = YES;
				CLANG_WARN_ENUM_CONVERSION = YES;
				CLANG_WARN_INFINITE_RECURSION = YES;
				CLANG_WARN_INT_CONVERSION = YES;
				CLANG_WARN_OBJC_ROOT_CLASS = YES_ERROR;
				CLANG_WARN_SUSPICIOUS_MOVES = YES;
				CLANG_WARN_UNREACHABLE_CODE = YES;
				CLANG_WARN__DUPLICATE_METHOD_MATCH = YES;
				"CODE_SIGN_IDENTITY[sdk=iphoneos*]" = "iPhone Developer";
				COPY_PHASE_STRIP = NO;
				DEBUG_INFORMATION_FORMAT = "dwarf-with-dsym";
				ENABLE_NS_ASSERTIONS = NO;
				ENABLE_STRICT_OBJC_MSGSEND = YES;
				GCC_C_LANGUAGE_STANDARD = gnu99;
				GCC_NO_COMMON_BLOCKS = YES;
				GCC_WARN_64_TO_32_BIT_CONVERSION = YES;
				GCC_WARN_ABOUT_RETURN_TYPE = YES_ERROR;
				GCC_WARN_UNDECLARED_SELECTOR = YES;
				GCC_WARN_UNINITIALIZED_AUTOS = YES_AGGRESSIVE;
				GCC_WARN_UNUSED_FUNCTION = YES;
				GCC_WARN_UNUSED_VARIABLE = YES;
				IPHONEOS_DEPLOYMENT_TARGET = 10.1;
				MTL_ENABLE_DEBUG_INFO = NO;
				SDKROOT = iphoneos;
				VALIDATE_PRODUCT = YES;
			};
			name = Release;
		};
		67F0F5BE1DE29DE300E21653 /* Debug */ = {
			isa = XCBuildConfiguration;
			buildSettings = {
				ASSETCATALOG_COMPILER_APPICON_NAME = AppIcon;
				DEVELOPMENT_TEAM = 8XX9P5VNWY;
				INFOPLIST_FILE = WaterFlowDemo/Info.plist;
				LD_RUNPATH_SEARCH_PATHS = "$(inherited) @executable_path/Frameworks";
				PRODUCT_BUNDLE_IDENTIFIER = com.xuehaodong.WaterFlowDemo;
				PRODUCT_NAME = "$(TARGET_NAME)";
			};
			name = Debug;
		};
		67F0F5BF1DE29DE300E21653 /* Release */ = {
			isa = XCBuildConfiguration;
			buildSettings = {
				ASSETCATALOG_COMPILER_APPICON_NAME = AppIcon;
				DEVELOPMENT_TEAM = 8XX9P5VNWY;
				INFOPLIST_FILE = WaterFlowDemo/Info.plist;
				LD_RUNPATH_SEARCH_PATHS = "$(inherited) @executable_path/Frameworks";
				PRODUCT_BUNDLE_IDENTIFIER = com.xuehaodong.WaterFlowDemo;
				PRODUCT_NAME = "$(TARGET_NAME)";
			};
			name = Release;
		};
/* End XCBuildConfiguration section */

/* Begin XCConfigurationList section */
		67F0F5A11DE29DE300E21653 /* Build configuration list for PBXProject "WaterFlowDemo" */ = {
			isa = XCConfigurationList;
			buildConfigurations = (
				67F0F5BB1DE29DE300E21653 /* Debug */,
				67F0F5BC1DE29DE300E21653 /* Release */,
			);
			defaultConfigurationIsVisible = 0;
			defaultConfigurationName = Release;
		};
		67F0F5BD1DE29DE300E21653 /* Build configuration list for PBXNativeTarget "WaterFlowDemo" */ = {
			isa = XCConfigurationList;
			buildConfigurations = (
				67F0F5BE1DE29DE300E21653 /* Debug */,
				67F0F5BF1DE29DE300E21653 /* Release */,
			);
			defaultConfigurationIsVisible = 0;
		};
/* End XCConfigurationList section */
	};
	rootObject = 67F0F59E1DE29DE300E21653 /* Project object */;
}
